
Microsoft Visual Studio Solution File, Format Version 12.00
# Visual Studio Version 16
VisualStudioVersion = 16.0.30225.117
MinimumVisualStudioVersion = 10.0.40219.1
Project("{FAE04EC0-301F-11D3-BF4B-00C04F79EFBC}") = "AWS_EC2_Test", "AWS_EC2_Test\AWS_EC2_Test.csproj", "{568C22BD-02A7-4515-BAD3-B1DC32641715}"
EndProject
Global
	GlobalSection(SolutionConfigurationPlatforms) = preSolution
		Debug|Any CPU = Debug|Any CPU
		Release|Any CPU = Release|Any CPU
	EndGlobalSection
	GlobalSection(ProjectConfigurationPlatforms) = postSolution
		{568C22BD-02A7-4515-BAD3-B1DC32641715}.Debug|Any CPU.ActiveCfg = Debug|Any CPU
		{568C22BD-02A7-4515-BAD3-B1DC32641715}.Debug|Any CPU.Build.0 = Debug|Any CPU
		{568C22BD-02A7-4515-BAD3-B1DC32641715}.Release|Any CPU.ActiveCfg = Release|Any CPU
		{568C22BD-02A7-4515-BAD3-B1DC32641715}.Release|Any CPU.Build.0 = Release|Any CPU
	EndGlobalSection
	GlobalSection(SolutionProperties) = preSolution
		HideSolutionNode = FALSE
	EndGlobalSection
	GlobalSection(ExtensibilityGlobals) = postSolution
		SolutionGuid = {42D399F1-00D2-4E18-878F-D42FBA2CB5D9}
	EndGlobalSection
EndGlobal
